// !$*UTF8*$!
{
	archiveVersion = 1;
	classes = {
	};
	objectVersion = 56;
	objects = {

/* Begin PBXBuildFile section */
		BB9BBB8D29CBCEFC00EE252F /* AppDelegate.swift in Sources */ = {isa = PBXBuildFile; fileRef = BB9BBB8C29CBCEFC00EE252F /* AppDelegate.swift */; };
		BB9BBB8F29CBCEFC00EE252F /* SceneDelegate.swift in Sources */ = {isa = PBXBuildFile; fileRef = BB9BBB8E29CBCEFC00EE252F /* SceneDelegate.swift */; };
		BB9BBB9129CBCEFC00EE252F /* ViewController.swift in Sources */ = {isa = PBXBuildFile; fileRef = BB9BBB9029CBCEFC00EE252F /* ViewController.swift */; };
		BB9BBB9429CBCEFC00EE252F /* Main.storyboard in Resources */ = {isa = PBXBuildFile; fileRef = BB9BBB9229CBCEFC00EE252F /* Main.storyboard */; };
		BB9BBB9629CBCEFD00EE252F /* Assets.xcassets in Resources */ = {isa = PBXBuildFile; fileRef = BB9BBB9529CBCEFD00EE252F /* Assets.xcassets */; };
		BB9BBB9929CBCEFD00EE252F /* LaunchScreen.storyboard in Resources */ = {isa = PBXBuildFile; fileRef = BB9BBB9729CBCEFD00EE252F /* LaunchScreen.storyboard */; };
		BF9254163ABCF571FE0B4FBC /* libPods-CocoapodsSwiftUIPreviews.a in Frameworks */ = {isa = PBXBuildFile; fileRef = C0DBE20B9695597916CFA842 /* libPods-CocoapodsSwiftUIPreviews.a */; };
/* End PBXBuildFile section */

/* Begin PBXFileReference section */
		1340808B3087555F9426F04F /* Pods-CocoapodsSwiftUIPreviews.debug.xcconfig */ = {isa = PBXFileReference; includeInIndex = 1; lastKnownFileType = text.xcconfig; name = "Pods-CocoapodsSwiftUIPreviews.debug.xcconfig"; path = "Target Support Files/Pods-CocoapodsSwiftUIPreviews/Pods-CocoapodsSwiftUIPreviews.debug.xcconfig"; sourceTree = "<group>"; };
		80DB3F4579D0FE23426C1414 /* Pods-CocoapodsSwiftUIPreviews.release.xcconfig */ = {isa = PBXFileReference; includeInIndex = 1; lastKnownFileType = text.xcconfig; name = "Pods-CocoapodsSwiftUIPreviews.release.xcconfig"; path = "Target Support Files/Pods-CocoapodsSwiftUIPreviews/Pods-CocoapodsSwiftUIPreviews.release.xcconfig"; sourceTree = "<group>"; };
		BB9BBB8929CBCEFC00EE252F /* CocoapodsSwiftUIPreviews.app */ = {isa = PBXFileReference; explicitFileType = wrapper.application; includeInIndex = 0; path = CocoapodsSwiftUIPreviews.app; sourceTree = BUILT_PRODUCTS_DIR; };
		BB9BBB8C29CBCEFC00EE252F /* AppDelegate.swift */ = {isa = PBXFileReference; lastKnownFileType = sourcecode.swift; path = AppDelegate.swift; sourceTree = "<group>"; };
		BB9BBB8E29CBCEFC00EE252F /* SceneDelegate.swift */ = {isa = PBXFileReference; lastKnownFileType = sourcecode.swift; path = SceneDelegate.swift; sourceTree = "<group>"; };
		BB9BBB9029CBCEFC00EE252F /* ViewController.swift */ = {isa = PBXFileReference; lastKnownFileType = sourcecode.swift; path = ViewController.swift; sourceTree = "<group>"; };
		BB9BBB9329CBCEFC00EE252F /* Base */ = {isa = PBXFileReference; lastKnownFileType = file.storyboard; name = Base; path = Base.lproj/Main.storyboard; sourceTree = "<group>"; };
		BB9BBB9529CBCEFD00EE252F /* Assets.xcassets */ = {isa = PBXFileReference; lastKnownFileType = folder.assetcatalog; path = Assets.xcassets; sourceTree = "<group>"; };
		BB9BBB9829CBCEFD00EE252F /* Base */ = {isa = PBXFileReference; lastKnownFileType = file.storyboard; name = Base; path = Base.lproj/LaunchScreen.storyboard; sourceTree = "<group>"; };
		BB9BBB9A29CBCEFD00EE252F /* Info.plist */ = {isa = PBXFileReference; lastKnownFileType = text.plist.xml; path = Info.plist; sourceTree = "<group>"; };
		BB9BBBA529CBD0E000EE252F /* swiftui.rb */ = {isa = PBXFileReference; fileEncoding = 4; lastKnownFileType = text.script.ruby; path = swiftui.rb; sourceTree = SOURCE_ROOT; };
		C0DBE20B9695597916CFA842 /* libPods-CocoapodsSwiftUIPreviews.a */ = {isa = PBXFileReference; explicitFileType = archive.ar; includeInIndex = 0; path = "libPods-CocoapodsSwiftUIPreviews.a"; sourceTree = BUILT_PRODUCTS_DIR; };
/* End PBXFileReference section */

/* Begin PBXFrameworksBuildPhase section */
		BB9BBB8629CBCEFC00EE252F /* Frameworks */ = {
			isa = PBXFrameworksBuildPhase;
			buildActionMask = 2147483647;
			files = (
				BF9254163ABCF571FE0B4FBC /* libPods-CocoapodsSwiftUIPreviews.a in Frameworks */,
			);
			runOnlyForDeploymentPostprocessing = 0;
		};
/* End PBXFrameworksBuildPhase section */

/* Begin PBXGroup section */
		A0EAA9926382C1B836FF216B /* Frameworks */ = {
			isa = PBXGroup;
			children = (
				C0DBE20B9695597916CFA842 /* libPods-CocoapodsSwiftUIPreviews.a */,
			);
			name = Frameworks;
			sourceTree = "<group>";
		};
		BB9BBB8029CBCEFC00EE252F = {
			isa = PBXGroup;
			children = (
				BB9BBB8B29CBCEFC00EE252F /* CocoapodsSwiftUIPreviews */,
				BB9BBB8A29CBCEFC00EE252F /* Products */,
				C8C349BA2B7BC5DF85677264 /* Pods */,
				A0EAA9926382C1B836FF216B /* Frameworks */,
			);
			sourceTree = "<group>";
		};
		BB9BBB8A29CBCEFC00EE252F /* Products */ = {
			isa = PBXGroup;
			children = (
				BB9BBB8929CBCEFC00EE252F /* CocoapodsSwiftUIPreviews.app */,
			);
			name = Products;
			sourceTree = "<group>";
		};
		BB9BBB8B29CBCEFC00EE252F /* CocoapodsSwiftUIPreviews */ = {
			isa = PBXGroup;
			children = (
				BB9BBBA429CBD0DA00EE252F /* ruby */,
				BB9BBB8C29CBCEFC00EE252F /* AppDelegate.swift */,
				BB9BBB8E29CBCEFC00EE252F /* SceneDelegate.swift */,
				BB9BBB9029CBCEFC00EE252F /* ViewController.swift */,
				BB9BBB9229CBCEFC00EE252F /* Main.storyboard */,
				BB9BBB9529CBCEFD00EE252F /* Assets.xcassets */,
				BB9BBB9729CBCEFD00EE252F /* LaunchScreen.storyboard */,
				BB9BBB9A29CBCEFD00EE252F /* Info.plist */,
			);
			path = CocoapodsSwiftUIPreviews;
			sourceTree = "<group>";
		};
		BB9BBBA429CBD0DA00EE252F /* ruby */ = {
			isa = PBXGroup;
			children = (
				BB9BBBA529CBD0E000EE252F /* swiftui.rb */,
			);
			name = ruby;
			sourceTree = "<group>";
		};
		C8C349BA2B7BC5DF85677264 /* Pods */ = {
			isa = PBXGroup;
			children = (
				1340808B3087555F9426F04F /* Pods-CocoapodsSwiftUIPreviews.debug.xcconfig */,
				80DB3F4579D0FE23426C1414 /* Pods-CocoapodsSwiftUIPreviews.release.xcconfig */,
			);
			path = Pods;
			sourceTree = "<group>";
		};
/* End PBXGroup section */

/* Begin PBXNativeTarget section */
		BB9BBB8829CBCEFC00EE252F /* CocoapodsSwiftUIPreviews */ = {
			isa = PBXNativeTarget;
			buildConfigurationList = BB9BBB9D29CBCEFD00EE252F /* Build configuration list for PBXNativeTarget "CocoapodsSwiftUIPreviews" */;
			buildPhases = (
				7CD8570A0724569AAFA7D013 /* [CP] Check Pods Manifest.lock */,
				BB9BBB8529CBCEFC00EE252F /* Sources */,
				BB9BBB8629CBCEFC00EE252F /* Frameworks */,
				BB9BBB8729CBCEFC00EE252F /* Resources */,
				0E6003A14DB66861718FE9E1 /* [CP] Embed Pods Frameworks */,
			);
			buildRules = (
			);
			dependencies = (
			);
			name = CocoapodsSwiftUIPreviews;
			productName = CocoapodsSwiftUIPreviews;
			productReference = BB9BBB8929CBCEFC00EE252F /* CocoapodsSwiftUIPreviews.app */;
			productType = "com.apple.product-type.application";
		};
/* End PBXNativeTarget section */

/* Begin PBXProject section */
		BB9BBB8129CBCEFC00EE252F /* Project object */ = {
			isa = PBXProject;
			attributes = {
				BuildIndependentTargetsInParallel = 1;
				LastSwiftUpdateCheck = 1420;
				LastUpgradeCheck = 1420;
				TargetAttributes = {
					BB9BBB8829CBCEFC00EE252F = {
						CreatedOnToolsVersion = 14.2;
					};
				};
			};
			buildConfigurationList = BB9BBB8429CBCEFC00EE252F /* Build configuration list for PBXProject "CocoapodsSwiftUIPreviews" */;
			compatibilityVersion = "Xcode 14.0";
			developmentRegion = en;
			hasScannedForEncodings = 0;
			knownRegions = (
				en,
				Base,
			);
			mainGroup = BB9BBB8029CBCEFC00EE252F;
			productRefGroup = BB9BBB8A29CBCEFC00EE252F /* Products */;
			projectDirPath = "";
			projectRoot = "";
			targets = (
				BB9BBB8829CBCEFC00EE252F /* CocoapodsSwiftUIPreviews */,
			);
		};
/* End PBXProject section */

/* Begin PBXResourcesBuildPhase section */
		BB9BBB8729CBCEFC00EE252F /* Resources */ = {
			isa = PBXResourcesBuildPhase;
			buildActionMask = 2147483647;
			files = (
				BB9BBB9929CBCEFD00EE252F /* LaunchScreen.storyboard in Resources */,
				BB9BBB9629CBCEFD00EE252F /* Assets.xcassets in Resources */,
				BB9BBB9429CBCEFC00EE252F /* Main.storyboard in Resources */,
			);
			runOnlyForDeploymentPostprocessing = 0;
		};
/* End PBXResourcesBuildPhase section */

/* Begin PBXShellScriptBuildPhase section */
		0E6003A14DB66861718FE9E1 /* [CP] Embed Pods Frameworks */ = {
			isa = PBXShellScriptBuildPhase;
			buildActionMask = 2147483647;
			files = (
			);
			inputFileListPaths = (
				"${PODS_ROOT}/Target Support Files/Pods-CocoapodsSwiftUIPreviews/Pods-CocoapodsSwiftUIPreviews-frameworks-${CONFIGURATION}-input-files.xcfilelist",
			);
			name = "[CP] Embed Pods Frameworks";
			outputFileListPaths = (
				"${PODS_ROOT}/Target Support Files/Pods-CocoapodsSwiftUIPreviews/Pods-CocoapodsSwiftUIPreviews-frameworks-${CONFIGURATION}-output-files.xcfilelist",
			);
			runOnlyForDeploymentPostprocessing = 0;
			shellPath = /bin/sh;
			shellScript = "\"${PODS_ROOT}/Target Support Files/Pods-CocoapodsSwiftUIPreviews/Pods-CocoapodsSwiftUIPreviews-frameworks.sh\"\n";
			showEnvVarsInLog = 0;
		};
		7CD8570A0724569AAFA7D013 /* [CP] Check Pods Manifest.lock */ = {
			isa = PBXShellScriptBuildPhase;
			buildActionMask = 2147483647;
			files = (
			);
			inputFileListPaths = (
			);
			inputPaths = (
				"${PODS_PODFILE_DIR_PATH}/Podfile.lock",
				"${PODS_ROOT}/Manifest.lock",
			);
			name = "[CP] Check Pods Manifest.lock";
			outputFileListPaths = (
			);
			outputPaths = (
				"$(DERIVED_FILE_DIR)/Pods-CocoapodsSwiftUIPreviews-checkManifestLockResult.txt",
			);
			runOnlyForDeploymentPostprocessing = 0;
			shellPath = /bin/sh;
			shellScript = "diff \"${PODS_PODFILE_DIR_PATH}/Podfile.lock\" \"${PODS_ROOT}/Manifest.lock\" > /dev/null\nif [ $? != 0 ] ; then\n    # print error to STDERR\n    echo \"error: The sandbox is not in sync with the Podfile.lock. Run 'pod install' or update your CocoaPods installation.\" >&2\n    exit 1\nfi\n# This output is used by Xcode 'outputs' to avoid re-running this script phase.\necho \"SUCCESS\" > \"${SCRIPT_OUTPUT_FILE_0}\"\n";
			showEnvVarsInLog = 0;
		};
/* End PBXShellScriptBuildPhase section */

/* Begin PBXSourcesBuildPhase section */
		BB9BBB8529CBCEFC00EE252F /* Sources */ = {
			isa = PBXSourcesBuildPhase;
			buildActionMask = 2147483647;
			files = (
				BB9BBB9129CBCEFC00EE252F /* ViewController.swift in Sources */,
				BB9BBB8D29CBCEFC00EE252F /* AppDelegate.swift in Sources */,
				BB9BBB8F29CBCEFC00EE252F /* SceneDelegate.swift in Sources */,
			);
			runOnlyForDeploymentPostprocessing = 0;
		};
/* End PBXSourcesBuildPhase section */

/* Begin PBXVariantGroup section */
		BB9BBB9229CBCEFC00EE252F /* Main.storyboard */ = {
			isa = PBXVariantGroup;
			children = (
				BB9BBB9329CBCEFC00EE252F /* Base */,
			);
			name = Main.storyboard;
			sourceTree = "<group>";
		};
		BB9BBB9729CBCEFD00EE252F /* LaunchScreen.storyboard */ = {
			isa = PBXVariantGroup;
			children = (
				BB9BBB9829CBCEFD00EE252F /* Base */,
			);
			name = LaunchScreen.storyboard;
			sourceTree = "<group>";
		};
/* End PBXVariantGroup section */

/* Begin XCBuildConfiguration section */
		BB9BBB9B29CBCEFD00EE252F /* Debug */ = {
			isa = XCBuildConfiguration;
			buildSettings = {
				ALWAYS_SEARCH_USER_PATHS = NO;
				CLANG_ANALYZER_NONNULL = YES;
				CLANG_ANALYZER_NUMBER_OBJECT_CONVERSION = YES_AGGRESSIVE;
				CLANG_CXX_LANGUAGE_STANDARD = "gnu++20";
				CLANG_ENABLE_MODULES = YES;
				CLANG_ENABLE_OBJC_ARC = YES;
				CLANG_ENABLE_OBJC_WEAK = YES;
				CLANG_WARN_BLOCK_CAPTURE_AUTORELEASING = YES;
				CLANG_WARN_BOOL_CONVERSION = YES;
				CLANG_WARN_COMMA = YES;
				CLANG_WARN_CONSTANT_CONVERSION = YES;
				CLANG_WARN_DEPRECATED_OBJC_IMPLEMENTATIONS = YES;
				CLANG_WARN_DIRECT_OBJC_ISA_USAGE = YES_ERROR;
				CLANG_WARN_DOCUMENTATION_COMMENTS = YES;
				CLANG_WARN_EMPTY_BODY = YES;
				CLANG_WARN_ENUM_CONVERSION = YES;
				CLANG_WARN_INFINITE_RECURSION = YES;
				CLANG_WARN_INT_CONVERSION = YES;
				CLANG_WARN_NON_LITERAL_NULL_CONVERSION = YES;
				CLANG_WARN_OBJC_IMPLICIT_RETAIN_SELF = YES;
				CLANG_WARN_OBJC_LITERAL_CONVERSION = YES;
				CLANG_WARN_OBJC_ROOT_CLASS = YES_ERROR;
				CLANG_WARN_QUOTED_INCLUDE_IN_FRAMEWORK_HEADER = YES;
				CLANG_WARN_RANGE_LOOP_ANALYSIS = YES;
				CLANG_WARN_STRICT_PROTOTYPES = YES;
				CLANG_WARN_SUSPICIOUS_MOVE = YES;
				CLANG_WARN_UNGUARDED_AVAILABILITY = YES_AGGRESSIVE;
				CLANG_WARN_UNREACHABLE_CODE = YES;
				CLANG_WARN__DUPLICATE_METHOD_MATCH = YES;
				COPY_PHASE_STRIP = NO;
				DEBUG_INFORMATION_FORMAT = dwarf;
				ENABLE_STRICT_OBJC_MSGSEND = YES;
				ENABLE_TESTABILITY = YES;
				GCC_C_LANGUAGE_STANDARD = gnu11;
				GCC_DYNAMIC_NO_PIC = NO;
				GCC_NO_COMMON_BLOCKS = YES;
				GCC_OPTIMIZATION_LEVEL = 0;
				GCC_PREPROCESSOR_DEFINITIONS = (
					"DEBUG=1",
					"$(inherited)",
				);
				GCC_WARN_64_TO_32_BIT_CONVERSION = YES;
				GCC_WARN_ABOUT_RETURN_TYPE = YES_ERROR;
				GCC_WARN_UNDECLARED_SELECTOR = YES;
				GCC_WARN_UNINITIALIZED_AUTOS = YES_AGGRESSIVE;
				GCC_WARN_UNUSED_FUNCTION = YES;
				GCC_WARN_UNUSED_VARIABLE = YES;
				IPHONEOS_DEPLOYMENT_TARGET = 17.0;
				MTL_ENABLE_DEBUG_INFO = INCLUDE_SOURCE;
				MTL_FAST_MATH = YES;
				ONLY_ACTIVE_ARCH = YES;
				SDKROOT = iphoneos;
				SWIFT_ACTIVE_COMPILATION_CONDITIONS = DEBUG;
				SWIFT_OPTIMIZATION_LEVEL = "-Onone";
			};
			name = Debug;
		};
		BB9BBB9C29CBCEFD00EE252F /* Release */ = {
			isa = XCBuildConfiguration;
			buildSettings = {
				ALWAYS_SEARCH_USER_PATHS = NO;
				CLANG_ANALYZER_NONNULL = YES;
				CLANG_ANALYZER_NUMBER_OBJECT_CONVERSION = YES_AGGRESSIVE;
				CLANG_CXX_LANGUAGE_STANDARD = "gnu++20";
				CLANG_ENABLE_MODULES = YES;
				CLANG_ENABLE_OBJC_ARC = YES;
				CLANG_ENABLE_OBJC_WEAK = YES;
				CLANG_WARN_BLOCK_CAPTURE_AUTORELEASING = YES;
				CLANG_WARN_BOOL_CONVERSION = YES;
				CLANG_WARN_COMMA = YES;
				CLANG_WARN_CONSTANT_CONVERSION = YES;
				CLANG_WARN_DEPRECATED_OBJC_IMPLEMENTATIONS = YES;
				CLANG_WARN_DIRECT_OBJC_ISA_USAGE = YES_ERROR;
				CLANG_WARN_DOCUMENTATION_COMMENTS = YES;
				CLANG_WARN_EMPTY_BODY = YES;
				CLANG_WARN_ENUM_CONVERSION = YES;
				CLANG_WARN_INFINITE_RECURSION = YES;
				CLANG_WARN_INT_CONVERSION = YES;
				CLANG_WARN_NON_LITERAL_NULL_CONVERSION = YES;
				CLANG_WARN_OBJC_IMPLICIT_RETAIN_SELF = YES;
				CLANG_WARN_OBJC_LITERAL_CONVERSION = YES;
				CLANG_WARN_OBJC_ROOT_CLASS = YES_ERROR;
				CLANG_WARN_QUOTED_INCLUDE_IN_FRAMEWORK_HEADER = YES;
				CLANG_WARN_RANGE_LOOP_ANALYSIS = YES;
				CLANG_WARN_STRICT_PROTOTYPES = YES;
				CLANG_WARN_SUSPICIOUS_MOVE = YES;
				CLANG_WARN_UNGUARDED_AVAILABILITY = YES_AGGRESSIVE;
				CLANG_WARN_UNREACHABLE_CODE = YES;
				CLANG_WARN__DUPLICATE_METHOD_MATCH = YES;
				COPY_PHASE_STRIP = NO;
				DEBUG_INFORMATION_FORMAT = "dwarf-with-dsym";
				ENABLE_NS_ASSERTIONS = NO;
				ENABLE_STRICT_OBJC_MSGSEND = YES;
				GCC_C_LANGUAGE_STANDARD = gnu11;
				GCC_NO_COMMON_BLOCKS = YES;
				GCC_WARN_64_TO_32_BIT_CONVERSION = YES;
				GCC_WARN_ABOUT_RETURN_TYPE = YES_ERROR;
				GCC_WARN_UNDECLARED_SELECTOR = YES;
				GCC_WARN_UNINITIALIZED_AUTOS = YES_AGGRESSIVE;
				GCC_WARN_UNUSED_FUNCTION = YES;
				GCC_WARN_UNUSED_VARIABLE = YES;
				IPHONEOS_DEPLOYMENT_TARGET = 17.0;
				MTL_ENABLE_DEBUG_INFO = NO;
				MTL_FAST_MATH = YES;
				SDKROOT = iphoneos;
				SWIFT_COMPILATION_MODE = wholemodule;
				SWIFT_OPTIMIZATION_LEVEL = "-O";
				VALIDATE_PRODUCT = YES;
			};
			name = Release;
		};
		BB9BBB9E29CBCEFD00EE252F /* Debug */ = {
			isa = XCBuildConfiguration;
			baseConfigurationReference = 1340808B3087555F9426F04F /* Pods-CocoapodsSwiftUIPreviews.debug.xcconfig */;
			buildSettings = {
				ASSETCATALOG_COMPILER_APPICON_NAME = AppIcon;
				ASSETCATALOG_COMPILER_GLOBAL_ACCENT_COLOR_NAME = AccentColor;
				CODE_SIGN_STYLE = Automatic;
				CURRENT_PROJECT_VERSION = 1;
				DEVELOPMENT_TEAM = 9F3T5CPKWG;
				GENERATE_INFOPLIST_FILE = YES;
				INFOPLIST_FILE = CocoapodsSwiftUIPreviews/Info.plist;
				INFOPLIST_KEY_UIApplicationSupportsIndirectInputEvents = YES;
				INFOPLIST_KEY_UILaunchStoryboardName = LaunchScreen;
				INFOPLIST_KEY_UIMainStoryboardFile = Main;
				INFOPLIST_KEY_UISupportedInterfaceOrientations_iPad = "UIInterfaceOrientationPortrait UIInterfaceOrientationPortraitUpsideDown UIInterfaceOrientationLandscapeLeft UIInterfaceOrientationLandscapeRight";
				INFOPLIST_KEY_UISupportedInterfaceOrientations_iPhone = "UIInterfaceOrientationPortrait UIInterfaceOrientationLandscapeLeft UIInterfaceOrientationLandscapeRight";
				LD_RUNPATH_SEARCH_PATHS = (
					"$(inherited)",
					"@executable_path/Frameworks",
				);
				MARKETING_VERSION = 1.0;
				PRODUCT_BUNDLE_IDENTIFIER = com.omarzl.CocoapodsSwiftUIPreviews;
				PRODUCT_NAME = "$(TARGET_NAME)";
				SWIFT_EMIT_LOC_STRINGS = YES;
				SWIFT_VERSION = 5.0;
				TARGETED_DEVICE_FAMILY = "1,2";
			};
			name = Debug;
		};
		BB9BBB9F29CBCEFD00EE252F /* Release */ = {
			isa = XCBuildConfiguration;
			baseConfigurationReference = 80DB3F4579D0FE23426C1414 /* Pods-CocoapodsSwiftUIPreviews.release.xcconfig */;
			buildSettings = {
				ASSETCATALOG_COMPILER_APPICON_NAME = AppIcon;
				ASSETCATALOG_COMPILER_GLOBAL_ACCENT_COLOR_NAME = AccentColor;
				CODE_SIGN_STYLE = Automatic;
				CURRENT_PROJECT_VERSION = 1;
				DEVELOPMENT_TEAM = 9F3T5CPKWG;
				GENERATE_INFOPLIST_FILE = YES;
				INFOPLIST_FILE = CocoapodsSwiftUIPreviews/Info.plist;
				INFOPLIST_KEY_UIApplicationSupportsIndirectInputEvents = YES;
				INFOPLIST_KEY_UILaunchStoryboardName = LaunchScreen;
				INFOPLIST_KEY_UIMainStoryboardFile = Main;
				INFOPLIST_KEY_UISupportedInterfaceOrientations_iPad = "UIInterfaceOrientationPortrait UIInterfaceOrientationPortraitUpsideDown UIInterfaceOrientationLandscapeLeft UIInterfaceOrientationLandscapeRight";
				INFOPLIST_KEY_UISupportedInterfaceOrientations_iPhone = "UIInterfaceOrientationPortrait UIInterfaceOrientationLandscapeLeft UIInterfaceOrientationLandscapeRight";
				LD_RUNPATH_SEARCH_PATHS = (
					"$(inherited)",
					"@executable_path/Frameworks",
				);
				MARKETING_VERSION = 1.0;
				PRODUCT_BUNDLE_IDENTIFIER = com.omarzl.CocoapodsSwiftUIPreviews;
				PRODUCT_NAME = "$(TARGET_NAME)";
				SWIFT_EMIT_LOC_STRINGS = YES;
				SWIFT_VERSION = 5.0;
				TARGETED_DEVICE_FAMILY = "1,2";
			};
			name = Release;
		};
/* End XCBuildConfiguration section */

/* Begin XCConfigurationList section */
		BB9BBB8429CBCEFC00EE252F /* Build configuration list for PBXProject "CocoapodsSwiftUIPreviews" */ = {
			isa = XCConfigurationList;
			buildConfigurations = (
				BB9BBB9B29CBCEFD00EE252F /* Debug */,
				BB9BBB9C29CBCEFD00EE252F /* Release */,
			);
			defaultConfigurationIsVisible = 0;
			defaultConfigurationName = Release;
		};
		BB9BBB9D29CBCEFD00EE252F /* Build configuration list for PBXNativeTarget "CocoapodsSwiftUIPreviews" */ = {
			isa = XCConfigurationList;
			buildConfigurations = (
				BB9BBB9E29CBCEFD00EE252F /* Debug */,
				BB9BBB9F29CBCEFD00EE252F /* Release */,
			);
			defaultConfigurationIsVisible = 0;
			defaultConfigurationName = Release;
		};
/* End XCConfigurationList section */
	};
	rootObject = BB9BBB8129CBCEFC00EE252F /* Project object */;
}
